<?xml version="1.0" encoding="utf-8"?>
<Project ToolsVersion="4.0" xmlns="http://schemas.microsoft.com/developer/msbuild/2003">
  <ItemGroup>
    <Filter Include="KamataEngine">
      <UniqueIdentifier>{4FC737F1-C7A5-4376-A066-2A32D752A2FF}</UniqueIdentifier>
      <Extensions>cpp;c;cc;cxx;c++;cppm;ixx;def;odl;idl;hpj;bat;asm;asmx</Extensions>
    </Filter>
    <Filter Include="KamataEngine\Source">
      <UniqueIdentifier>{d966e9f8-e880-44ae-8586-a08515e4cffc}</UniqueIdentifier>
    </Filter>
    <Filter Include="KamataEngine\Include">
      <UniqueIdentifier>{4aae4e40-94f7-4d32-9a91-c0c37a2edf0d}</UniqueIdentifier>
    </Filter>
    <Filter Include="KamataEngine\Adapter">
      <UniqueIdentifier>{c6468eb4-788b-4a83-b207-a5f4804e56c5}</UniqueIdentifier>
    </Filter>
    <Filter Include="クラス">
      <UniqueIdentifier>{e1b29090-dbbf-42aa-8f28-2cf3ee69396e}</UniqueIdentifier>
    </Filter>
    <Filter Include="クラス\エフェクト">
      <UniqueIdentifier>{f6e6fc67-67cd-4ab8-9413-572237ac94c7}</UniqueIdentifier>
    </Filter>
    <Filter Include="クラス\シーン">
      <UniqueIdentifier>{8496e503-c73b-4a39-9464-6edc6d5c6882}</UniqueIdentifier>
    </Filter>
    <Filter Include="クラス\システム">
      <UniqueIdentifier>{c5b2a0e7-fb5b-49ef-8c35-24cda498924f}</UniqueIdentifier>
    </Filter>
    <Filter Include="ヘッダーデフォルト">
      <UniqueIdentifier>{75499ae2-ed4b-4426-b07b-253f1046063c}</UniqueIdentifier>
    </Filter>
    <Filter Include="クラス\シーン\SceneManager">
      <UniqueIdentifier>{ef748ce1-45c8-4d23-b39c-b5b937ec1299}</UniqueIdentifier>
    </Filter>
    <Filter Include="クラス\シーン\Title">
      <UniqueIdentifier>{1f00ccf2-c049-4963-934a-d315dfe440af}</UniqueIdentifier>
    </Filter>
    <Filter Include="クラス\シーン\Base">
      <UniqueIdentifier>{3b9dc8c0-1437-44ed-b145-7e733123e4b3}</UniqueIdentifier>
    </Filter>
    <Filter Include="クラス\システム\Useful">
      <UniqueIdentifier>{0dc8950e-5325-427c-a4e2-e6a91f45dcae}</UniqueIdentifier>
    </Filter>
    <Filter Include="クラス\システム\Define">
      <UniqueIdentifier>{570d3628-0e92-4a2d-b639-1c517c0fac69}</UniqueIdentifier>
    </Filter>
    <Filter Include="クラス\シーン\Game">
      <UniqueIdentifier>{c10e7e86-5f30-4b4c-9300-f51a3cd7eb44}</UniqueIdentifier>
    </Filter>
    <Filter Include="クラス\システム\Useful\PhilliaFunction">
      <UniqueIdentifier>{10869b64-aa8f-480f-857e-4c8f14a0c2ea}</UniqueIdentifier>
    </Filter>
    <Filter Include="クラス\システム\Useful\JSON_Loader">
      <UniqueIdentifier>{4af8bb42-14f4-4d15-8efb-179cbb26a648}</UniqueIdentifier>
    </Filter>
    <Filter Include="クラス\オブジェクト">
      <UniqueIdentifier>{68edceec-a9b8-439c-9ac1-e8c754378ec5}</UniqueIdentifier>
    </Filter>
    <Filter Include="クラス\オブジェクト\Player">
      <UniqueIdentifier>{b90af5a2-7f48-4d79-b41c-f91fb18dce80}</UniqueIdentifier>
    </Filter>
    <Filter Include="クラス\オブジェクト\Enemy">
      <UniqueIdentifier>{f3454dcd-2e7f-4a2f-a0b3-631bca8da013}</UniqueIdentifier>
    </Filter>
    <Filter Include="クラス\オブジェクト\Bullet">
      <UniqueIdentifier>{ab79d8a6-7e30-41f5-83e3-89aab46ce200}</UniqueIdentifier>
    </Filter>
    <Filter Include="クラス\オブジェクト\Base">
      <UniqueIdentifier>{a90a235a-0c4f-4e81-9b0f-62288109e9e8}</UniqueIdentifier>
    </Filter>
  </ItemGroup>
  <ItemGroup>
    <ClCompile Include="C:\KamataEngine\DirectXGame\base\DirectXCommon.cpp">
      <Filter>KamataEngine\Source</Filter>
    </ClCompile>
    <ClCompile Include="C:\KamataEngine\DirectXGame\base\TextureManager.cpp">
      <Filter>KamataEngine\Source</Filter>
    </ClCompile>
    <ClCompile Include="C:\KamataEngine\DirectXGame\scene\GameScene.cpp">
      <Filter>KamataEngine\Source</Filter>
    </ClCompile>
    <ClCompile Include="C:\KamataEngine\DirectXGame\base\WinApp.cpp">
      <Filter>KamataEngine\Source</Filter>
    </ClCompile>
    <ClCompile Include="main.cpp" />
    <ClCompile Include="C:\KamataEngine\Adapter\Novice.cpp">
      <Filter>KamataEngine\Adapter</Filter>
    </ClCompile>
    <ClCompile Include="C:\KamataEngine\DirectXGame\2d\ImGuiManager.cpp">
      <Filter>KamataEngine</Filter>
    </ClCompile>
    <ClCompile Include="C:\KamataEngine\DirectXGame\base\StringUtility.cpp">
      <Filter>KamataEngine\Source</Filter>
    </ClCompile>
    <ClCompile Include="SceneManager.cpp">
      <Filter>クラス\シーン\SceneManager</Filter>
    </ClCompile>
    <ClCompile Include="Scenes\Title.cpp">
      <Filter>クラス\シーン\Title</Filter>
    </ClCompile>
    <ClCompile Include="Scenes\BaseScene.cpp">
      <Filter>クラス\シーン\Base</Filter>
    </ClCompile>
    <ClCompile Include="Useful\CursorManager.cpp">
      <Filter>クラス\システム\Useful</Filter>
    </ClCompile>
    <ClCompile Include="Useful\KeyManager.cpp">
      <Filter>クラス\システム\Useful</Filter>
    </ClCompile>
    <ClCompile Include="Useful\ResourceManager.cpp">
      <Filter>クラス\システム\Useful</Filter>
    </ClCompile>
    <ClCompile Include="Scenes\Game.cpp">
      <Filter>クラス\シーン\Game</Filter>
    </ClCompile>
    <ClCompile Include="Useful\PhilliaFunction\Phill.cpp">
      <Filter>クラス\システム\Useful\PhilliaFunction</Filter>
    </ClCompile>
    <ClCompile Include="Useful\PhilliaFunction\PhillEasing.cpp">
      <Filter>クラス\システム\Useful\PhilliaFunction</Filter>
    </ClCompile>
    <ClCompile Include="Useful\PhilliaFunction\Phill-various.cpp">
      <Filter>クラス\システム\Useful\PhilliaFunction</Filter>
    </ClCompile>
    <ClCompile Include="Useful\PhilliaFunction\TCPIP.cpp">
      <Filter>クラス\システム\Useful\PhilliaFunction</Filter>
    </ClCompile>
    <ClCompile Include="Useful\JSON-Loader\json.cpp">
      <Filter>クラス\システム\Useful\JSON_Loader</Filter>
    </ClCompile>
    <ClCompile Include="Useful\JSON-Loader\JSON-Manager.cpp">
      <Filter>クラス\システム\Useful\JSON_Loader</Filter>
    </ClCompile>
    <ClCompile Include="Player.cpp">
      <Filter>クラス\オブジェクト\Player</Filter>
    </ClCompile>
    <ClCompile Include="Bullet.cpp">
      <Filter>クラス\オブジェクト\Bullet</Filter>
    </ClCompile>
    <ClCompile Include="BaseObject.cpp">
      <Filter>クラス\オブジェクト\Base</Filter>
    </ClCompile>
    <ClCompile Include="Defines.cpp">
      <Filter>クラス\システム\Define</Filter>
    </ClCompile>
    <ClCompile Include="Enemy.cpp">
      <Filter>クラス\オブジェクト\Enemy</Filter>
    </ClCompile>
  </ItemGroup>
  <ItemGroup>
    <ClInclude Include="C:\KamataEngine\DirectXGame\audio\Audio.h">
      <Filter>KamataEngine\Include</Filter>
    </ClInclude>
    <ClInclude Include="C:\KamataEngine\DirectXGame\2d\DebugText.h">
      <Filter>KamataEngine\Include</Filter>
    </ClInclude>
    <ClInclude Include="C:\KamataEngine\DirectXGame\base\DirectXCommon.h">
      <Filter>KamataEngine\Include</Filter>
    </ClInclude>
    <ClInclude Include="C:\KamataEngine\DirectXGame\scene\GameScene.h">
      <Filter>KamataEngine\Include</Filter>
    </ClInclude>
    <ClInclude Include="C:\KamataEngine\DirectXGame\input\Input.h">
      <Filter>KamataEngine\Include</Filter>
    </ClInclude>
    <ClInclude Include="C:\KamataEngine\DirectXGame\3d\Model.h">
      <Filter>KamataEngine\Include</Filter>
    </ClInclude>
    <ClInclude Include="C:\KamataEngine\DirectXGame\base\SafeDelete.h">
      <Filter>KamataEngine\Include</Filter>
    </ClInclude>
    <ClInclude Include="C:\KamataEngine\DirectXGame\2d\Sprite.h">
      <Filter>KamataEngine\Include</Filter>
    </ClInclude>
    <ClInclude Include="C:\KamataEngine\DirectXGame\base\TextureManager.h">
      <Filter>KamataEngine\Include</Filter>
    </ClInclude>
    <ClInclude Include="C:\KamataEngine\DirectXGame\3d\ViewProjection.h">
      <Filter>KamataEngine\Include</Filter>
    </ClInclude>
    <ClInclude Include="C:\KamataEngine\DirectXGame\base\WinApp.h">
      <Filter>KamataEngine\Include</Filter>
    </ClInclude>
    <ClInclude Include="C:\KamataEngine\DirectXGame\3d\WorldTransform.h">
      <Filter>KamataEngine\Include</Filter>
    </ClInclude>
    <ClInclude Include="C:\KamataEngine\Adapter\Novice.h">
      <Filter>KamataEngine\Adapter</Filter>
    </ClInclude>
    <ClInclude Include="C:\KamataEngine\DirectXGame\3d\CircleShadow.h">
      <Filter>KamataEngine\Include</Filter>
    </ClInclude>
    <ClInclude Include="C:\KamataEngine\DirectXGame\3d\DebugCamera.h">
      <Filter>KamataEngine\Include</Filter>
    </ClInclude>
    <ClInclude Include="C:\KamataEngine\DirectXGame\3d\DirectionalLight.h">
      <Filter>KamataEngine\Include</Filter>
    </ClInclude>
    <ClInclude Include="C:\KamataEngine\DirectXGame\3d\LightGroup.h">
      <Filter>KamataEngine\Include</Filter>
    </ClInclude>
    <ClInclude Include="C:\KamataEngine\DirectXGame\3d\Material.h">
      <Filter>KamataEngine\Include</Filter>
    </ClInclude>
    <ClInclude Include="C:\KamataEngine\DirectXGame\3d\Mesh.h">
      <Filter>KamataEngine\Include</Filter>
    </ClInclude>
    <ClInclude Include="C:\KamataEngine\DirectXGame\3d\PointLight.h">
      <Filter>KamataEngine\Include</Filter>
    </ClInclude>
    <ClInclude Include="C:\KamataEngine\DirectXGame\3d\SpotLight.h">
      <Filter>KamataEngine\Include</Filter>
    </ClInclude>
    <ClInclude Include="C:\KamataEngine\DirectXGame\base\StringUtility.h">
      <Filter>KamataEngine\Include</Filter>
    </ClInclude>
    <ClInclude Include="C:\KamataEngine\DirectXGame\math\Vector4.h">
      <Filter>ヘッダーデフォルト</Filter>
    </ClInclude>
    <ClInclude Include="C:\KamataEngine\DirectXGame\math\Matrix4x4.h">
      <Filter>ヘッダーデフォルト</Filter>
    </ClInclude>
    <ClInclude Include="C:\KamataEngine\DirectXGame\math\Vector2.h">
      <Filter>ヘッダーデフォルト</Filter>
    </ClInclude>
    <ClInclude Include="C:\KamataEngine\DirectXGame\math\Vector3.h">
      <Filter>ヘッダーデフォルト</Filter>
    </ClInclude>
    <ClInclude Include="C:\KamataEngine\DirectXGame\2d\ImGuiManager.h">
      <Filter>ヘッダーデフォルト</Filter>
    </ClInclude>
    <ClInclude Include="SceneManager.h">
      <Filter>クラス\シーン\SceneManager</Filter>
    </ClInclude>
    <ClInclude Include="Scenes\Title.h">
      <Filter>クラス\シーン\Title</Filter>
    </ClInclude>
    <ClInclude Include="Scenes\BaseScene.h">
      <Filter>クラス\シーン\Base</Filter>
    </ClInclude>
    <ClInclude Include="Useful\CursorManager.h">
      <Filter>クラス\システム\Useful</Filter>
    </ClInclude>
    <ClInclude Include="Useful\KeyManager.h">
      <Filter>クラス\システム\Useful</Filter>
    </ClInclude>
    <ClInclude Include="Useful\ResourceManager.h">
      <Filter>クラス\システム\Useful</Filter>
    </ClInclude>
    <ClInclude Include="Defines.h">
      <Filter>クラス\システム\Define</Filter>
    </ClInclude>
    <ClInclude Include="Scenes\Game.h">
      <Filter>クラス\シーン\Game</Filter>
    </ClInclude>
    <ClInclude Include="Useful\PhilliaFunction\Phill.h">
      <Filter>クラス\システム\Useful\PhilliaFunction</Filter>
    </ClInclude>
    <ClInclude Include="Useful\JSON-Loader\json.h">
      <Filter>クラス\システム\Useful\JSON_Loader</Filter>
    </ClInclude>
    <ClInclude Include="Useful\JSON-Loader\JSON-Manager.h">
      <Filter>クラス\システム\Useful\JSON_Loader</Filter>
    </ClInclude>
    <ClInclude Include="Player.h">
      <Filter>クラス\オブジェクト\Player</Filter>
    </ClInclude>
    <ClInclude Include="Bullet.h">
      <Filter>クラス\オブジェクト\Bullet</Filter>
    </ClInclude>
    <ClInclude Include="BaseObject.h">
      <Filter>クラス\オブジェクト\Base</Filter>
    </ClInclude>
    <ClInclude Include="Enemy.h">
      <Filter>クラス\オブジェクト\Enemy</Filter>
    </ClInclude>
  </ItemGroup>
</Project>